{
  "nodes": {
    "flake-compat": {
      "flake": false,
      "locked": {
        "lastModified": 1627913399,
        "narHash": "sha256-hY8g6H2KFL8ownSiFeMOjwPC8P0ueXpCVEbxgda3pko=",
        "owner": "edolstra",
        "repo": "flake-compat",
        "rev": "12c64ca55c1014cdc1b16ed5a804aa8576601ff2",
        "type": "github"
      },
      "original": {
        "owner": "edolstra",
        "repo": "flake-compat",
        "type": "github"
      }
    },
    "flake-utils": {
      "locked": {
        "lastModified": 1629481132,
        "narHash": "sha256-JHgasjPR0/J1J3DRm4KxM4zTyAj4IOJY8vIl75v/kPI=",
        "owner": "numtide",
        "repo": "flake-utils",
        "rev": "997f7efcb746a9c140ce1f13c72263189225f482",
        "type": "github"
      },
      "original": {
        "owner": "numtide",
        "repo": "flake-utils",
        "type": "github"
      }
    },
    "home-manager": {
      "inputs": {
        "nixpkgs": [
          "nixpkgs"
        ]
      },
      "locked": {
        "lastModified": 1639871969,
        "narHash": "sha256-6feWUnMygRzA9tzkrfAzpA5/NBYg75bkFxnqb1DtD7E=",
        "owner": "nix-community",
        "repo": "home-manager",
        "rev": "697cc8c68ed6a606296efbbe9614c32537078756",
        "type": "github"
      },
      "original": {
        "owner": "nix-community",
        "ref": "release-21.11",
        "repo": "home-manager",
        "type": "github"
      }
    },
    "neovim-flake": {
      "inputs": {
        "flake-utils": "flake-utils",
        "nixpkgs": [
          "neovim-nightly-overlay",
          "nixpkgs"
        ]
      },
      "locked": {
        "dir": "contrib",
        "lastModified": 1640135597,
        "narHash": "sha256-LFS0/lTLdY26RgrMm35G3EY23jGUSf5ZxKIOjbPQhjA=",
        "owner": "neovim",
        "repo": "neovim",
        "rev": "0c35fd5fcc4cbfbd55d005bbb1139b068425b442",
        "type": "github"
      },
      "original": {
        "dir": "contrib",
        "owner": "neovim",
        "repo": "neovim",
        "type": "github"
      }
    },
    "neovim-nightly-overlay": {
      "inputs": {
        "flake-compat": "flake-compat",
        "neovim-flake": "neovim-flake",
        "nixpkgs": "nixpkgs"
      },
      "locked": {
        "lastModified": 1640160877,
        "narHash": "sha256-wrd4tFprZSsq342itgvGRz7xN5+gYDg0yuDqdXCxzmY=",
        "owner": "nix-community",
        "repo": "neovim-nightly-overlay",
        "rev": "4dc45f0603f3544ba8f5a4e117ee798132400317",
        "type": "github"
      },
      "original": {
        "owner": "nix-community",
        "repo": "neovim-nightly-overlay",
        "type": "github"
      }
    },
    "nixgl": {
      "flake": false,
      "locked": {
        "lastModified": 1633350348,
        "narHash": "sha256-rfA7lqV+cR3bQt4lT2F+6qrIzJSPloJaGVATR9u+5yY=",
        "owner": "guibou",
        "repo": "nixGL",
        "rev": "c4aa5aa15af5d75e2f614a70063a2d341e8e3461",
        "type": "github"
      },
      "original": {
        "owner": "guibou",
        "repo": "nixGL",
        "type": "github"
      }
    },
    "nixpkgs": {
      "locked": {
        "lastModified": 1640053112,
        "narHash": "sha256-7C0UQssCdAMyCNSv8szLJfZ5xYMBr9mh27zYUmo8wHQ=",
        "owner": "nixos",
        "repo": "nixpkgs",
        "rev": "c478eaf416411a7dedf773185b6d5bfc966a80ae",
        "type": "github"
      },
      "original": {
        "owner": "nixos",
        "ref": "nixos-unstable",
        "repo": "nixpkgs",
        "type": "github"
      }
    },
    "nixpkgs-old": {
      "locked": {
        "lastModified": 1639996107,
        "narHash": "sha256-qEnXR2HwECUbV9UiOus1HN6FKhj3fEpxefKbZVRk9w0=",
        "owner": "nixos",
        "repo": "nixpkgs",
        "rev": "a0899f066572bb498ea3b4939d27743fd3e78364",
        "type": "github"
      },
      "original": {
        "owner": "nixos",
        "ref": "nixos-21.05",
        "repo": "nixpkgs",
        "type": "github"
      }
    },
    "nixpkgs-unstable": {
      "locked": {
        "lastModified": 1640090545,
        "narHash": "sha256-6qiF46uBGoSQmjDTFl8ilT+d1DuK39IRHlj0jE5gqZE=",
        "owner": "nixos",
        "repo": "nixpkgs",
        "rev": "1dd151f0c0c216f416e9553af08f724a2499c795",
        "type": "github"
      },
      "original": {
        "owner": "nixos",
        "ref": "nixpkgs-unstable",
        "repo": "nixpkgs",
        "type": "github"
      }
    },
    "nixpkgs_2": {
      "locked": {
        "lastModified": 1640077788,
        "narHash": "sha256-YMSDk3hlucJTTARaHNOeQEF6zEW3A/x4sXgrz94VbS0=",
        "owner": "nixos",
        "repo": "nixpkgs",
        "rev": "9ab7d12287ced0e1b4c03b61c781901f178d9d77",
        "type": "github"
      },
      "original": {
        "owner": "nixos",
        "ref": "nixos-21.11",
        "repo": "nixpkgs",
        "type": "github"
      }
    },
    "root": {
      "inputs": {
        "home-manager": "home-manager",
        "neovim-nightly-overlay": "neovim-nightly-overlay",
        "nixgl": "nixgl",
        "nixpkgs": "nixpkgs_2",
        "nixpkgs-old": "nixpkgs-old",
        "nixpkgs-unstable": "nixpkgs-unstable"
      }
    }
  },
  "root": "root",
  "version": 7
}
