{
  "nodes": {
    "flake-compat": {
      "flake": false,
      "locked": {
        "lastModified": 1641205782,
        "narHash": "sha256-4jY7RCWUoZ9cKD8co0/4tFARpWB+57+r1bLLvXNJliY=",
        "owner": "edolstra",
        "repo": "flake-compat",
        "rev": "b7547d3eed6f32d06102ead8991ec52ab0a4f1a7",
        "type": "github"
      },
      "original": {
        "owner": "edolstra",
        "repo": "flake-compat",
        "type": "github"
      }
    },
    "flake-utils": {
      "locked": {
        "lastModified": 1629481132,
        "narHash": "sha256-JHgasjPR0/J1J3DRm4KxM4zTyAj4IOJY8vIl75v/kPI=",
        "owner": "numtide",
        "repo": "flake-utils",
        "rev": "997f7efcb746a9c140ce1f13c72263189225f482",
        "type": "github"
      },
      "original": {
        "owner": "numtide",
        "repo": "flake-utils",
        "type": "github"
      }
    },
    "home-manager": {
      "inputs": {
        "nixpkgs": [
          "nixpkgs"
        ]
      },
      "locked": {
        "lastModified": 1639871969,
        "narHash": "sha256-6feWUnMygRzA9tzkrfAzpA5/NBYg75bkFxnqb1DtD7E=",
        "owner": "nix-community",
        "repo": "home-manager",
        "rev": "697cc8c68ed6a606296efbbe9614c32537078756",
        "type": "github"
      },
      "original": {
        "owner": "nix-community",
        "ref": "release-21.11",
        "repo": "home-manager",
        "type": "github"
      }
    },
    "neovim-flake": {
      "inputs": {
        "flake-utils": "flake-utils",
        "nixpkgs": "nixpkgs"
      },
      "locked": {
        "dir": "contrib",
        "lastModified": 1642453919,
        "narHash": "sha256-wGf/RCpNv/PGEx6wHWgyCP0FkG5kaVvWvId7uiKcay4=",
        "owner": "neovim",
        "repo": "neovim",
        "rev": "fcf5dd34fdfde3a6632b96a88f66c1053cba08d1",
        "type": "github"
      },
      "original": {
        "dir": "contrib",
        "owner": "neovim",
        "repo": "neovim",
        "type": "github"
      }
    },
    "neovim-nightly-overlay": {
      "inputs": {
        "flake-compat": "flake-compat",
        "neovim-flake": "neovim-flake",
        "nixpkgs": "nixpkgs_2"
      },
      "locked": {
        "lastModified": 1642493727,
        "narHash": "sha256-SSBCODHjzbwvndSim2VSegufAfk7L4IMB1Cq+xnf0K0=",
        "owner": "nix-community",
        "repo": "neovim-nightly-overlay",
        "rev": "ecca7657b37c9d394507844d1584ed3478e17a88",
        "type": "github"
      },
      "original": {
        "owner": "nix-community",
        "repo": "neovim-nightly-overlay",
        "type": "github"
      }
    },
    "nixgl": {
      "flake": false,
      "locked": {
        "lastModified": 1640912150,
        "narHash": "sha256-BERCTgnV1GtDjmMxAVy2CRdOoxk7AG1vEDvYPiIjk0s=",
        "owner": "guibou",
        "repo": "nixGL",
        "rev": "58ab858a1b1059184e0cdb358f3470fa8ededeac",
        "type": "github"
      },
      "original": {
        "owner": "guibou",
        "repo": "nixGL",
        "type": "github"
      }
    },
    "nixpkgs": {
      "locked": {
        "lastModified": 1642281915,
        "narHash": "sha256-jcMsXmmO1knyf99o242A+2cy1A0eKa9afly0cwBknPA=",
        "owner": "nixos",
        "repo": "nixpkgs",
        "rev": "d5dae6569ea9952f1ae4e727946d93a71c507821",
        "type": "github"
      },
      "original": {
        "owner": "nixos",
        "ref": "nixos-unstable",
        "repo": "nixpkgs",
        "type": "github"
      }
    },
    "nixpkgs-unstable": {
      "locked": {
        "lastModified": 1642160200,
        "narHash": "sha256-5mb1nvh2vWlnKvyJzGNKsL7AQRFk+H5E/Xh83fTzYG4=",
        "owner": "nixos",
        "repo": "nixpkgs",
        "rev": "e5a50e8f2995ff359a170d52cc40adbcfdd92ba4",
        "type": "github"
      },
      "original": {
        "owner": "nixos",
        "ref": "nixpkgs-unstable",
        "repo": "nixpkgs",
        "type": "github"
      }
    },
    "nixpkgs_2": {
      "locked": {
        "lastModified": 1642104392,
        "narHash": "sha256-m71b7MgMh9FDv4MnI5sg9MiBVW6DhE1zq+d/KlLWSC8=",
        "owner": "nixos",
        "repo": "nixpkgs",
        "rev": "5aaed40d22f0d9376330b6fa413223435ad6fee5",
        "type": "github"
      },
      "original": {
        "owner": "nixos",
        "ref": "nixos-unstable",
        "repo": "nixpkgs",
        "type": "github"
      }
    },
    "nixpkgs_3": {
      "locked": {
        "lastModified": 1642348879,
        "narHash": "sha256-ReoDCqqqGEQBmQHlQAXSLSk4LGO96HhBtxsF1TpOnLU=",
        "owner": "nixos",
        "repo": "nixpkgs",
        "rev": "8a70a6808c884282161bd77706927caeac0c11e8",
        "type": "github"
      },
      "original": {
        "owner": "nixos",
        "ref": "nixos-21.11",
        "repo": "nixpkgs",
        "type": "github"
      }
    },
    "root": {
      "inputs": {
        "home-manager": "home-manager",
        "neovim-nightly-overlay": "neovim-nightly-overlay",
        "nixgl": "nixgl",
        "nixpkgs": "nixpkgs_3",
        "nixpkgs-unstable": "nixpkgs-unstable"
      }
    }
  },
  "root": "root",
  "version": 7
}
