{
  "nodes": {
    "flake-compat": {
      "flake": false,
      "locked": {
        "lastModified": 1641205782,
        "narHash": "sha256-4jY7RCWUoZ9cKD8co0/4tFARpWB+57+r1bLLvXNJliY=",
        "owner": "edolstra",
        "repo": "flake-compat",
        "rev": "b7547d3eed6f32d06102ead8991ec52ab0a4f1a7",
        "type": "github"
      },
      "original": {
        "owner": "edolstra",
        "repo": "flake-compat",
        "type": "github"
      }
    },
    "flake-utils": {
      "locked": {
        "lastModified": 1629481132,
        "narHash": "sha256-JHgasjPR0/J1J3DRm4KxM4zTyAj4IOJY8vIl75v/kPI=",
        "owner": "numtide",
        "repo": "flake-utils",
        "rev": "997f7efcb746a9c140ce1f13c72263189225f482",
        "type": "github"
      },
      "original": {
        "owner": "numtide",
        "repo": "flake-utils",
        "type": "github"
      }
    },
    "home-manager": {
      "inputs": {
        "nixpkgs": [
          "nixpkgs"
        ]
      },
      "locked": {
        "lastModified": 1642653493,
        "narHash": "sha256-22mGPjiHUo2Jmze4IjXCJLjeK2mbvvCztHmUyUMr4yw=",
        "owner": "nix-community",
        "repo": "home-manager",
        "rev": "28b9ae40c45c5e7711c353fee1b7af734e293979",
        "type": "github"
      },
      "original": {
        "owner": "nix-community",
        "ref": "release-21.11",
        "repo": "home-manager",
        "type": "github"
      }
    },
    "neovim-flake": {
      "inputs": {
        "flake-utils": "flake-utils",
        "nixpkgs": "nixpkgs"
      },
      "locked": {
        "dir": "contrib",
        "lastModified": 1642750848,
        "narHash": "sha256-op95Sjfyuexq/tfQyD0GxekzmNX2ozXRCmsLSkTJ6Oc=",
        "owner": "neovim",
        "repo": "neovim",
        "rev": "c977d8b43cd6ecf7ad756f9b064eadea79fbd604",
        "type": "github"
      },
      "original": {
        "dir": "contrib",
        "owner": "neovim",
        "repo": "neovim",
        "type": "github"
      }
    },
    "neovim-nightly-overlay": {
      "inputs": {
        "flake-compat": "flake-compat",
        "neovim-flake": "neovim-flake",
        "nixpkgs": "nixpkgs_2"
      },
      "locked": {
        "lastModified": 1642752827,
        "narHash": "sha256-AnZ6VOGuPVg3SyUPy29JR1NxHPBLTRISIcI4ryoq06c=",
        "owner": "nix-community",
        "repo": "neovim-nightly-overlay",
        "rev": "0e702802325cb5edd812af4f30e4bf016600c1ac",
        "type": "github"
      },
      "original": {
        "owner": "nix-community",
        "repo": "neovim-nightly-overlay",
        "type": "github"
      }
    },
    "nixgl": {
      "flake": false,
      "locked": {
        "lastModified": 1642716305,
        "narHash": "sha256-lTkYXu+3tlgNVuPEoGE584YFKKHxVsfCdI2IAiSlsLQ=",
        "owner": "guibou",
        "repo": "nixGL",
        "rev": "9f08b60ca4ba5d32fe873900df783597fcbde14f",
        "type": "github"
      },
      "original": {
        "owner": "guibou",
        "repo": "nixGL",
        "type": "github"
      }
    },
    "nixpkgs": {
      "locked": {
        "lastModified": 1642635915,
        "narHash": "sha256-vabPA32j81xBO5m3+qXndWp5aqepe+vu96Wkd9UnngM=",
        "owner": "nixos",
        "repo": "nixpkgs",
        "rev": "6d8215281b2f87a5af9ed7425a26ac575da0438f",
        "type": "github"
      },
      "original": {
        "owner": "nixos",
        "ref": "nixos-unstable",
        "repo": "nixpkgs",
        "type": "github"
      }
    },
    "nixpkgs-unstable": {
      "locked": {
        "lastModified": 1642431733,
        "narHash": "sha256-W/l5qvNGoH+uyDfaeni6tnc0CrFMnJgroxx8KpfRgxY=",
        "owner": "nixos",
        "repo": "nixpkgs",
        "rev": "1caf78f4bf5cba45eb04c45a3c9b46bde8fa50e0",
        "type": "github"
      },
      "original": {
        "owner": "nixos",
        "ref": "nixpkgs-unstable",
        "repo": "nixpkgs",
        "type": "github"
      }
    },
    "nixpkgs_2": {
      "locked": {
        "lastModified": 1642635915,
        "narHash": "sha256-vabPA32j81xBO5m3+qXndWp5aqepe+vu96Wkd9UnngM=",
        "owner": "nixos",
        "repo": "nixpkgs",
        "rev": "6d8215281b2f87a5af9ed7425a26ac575da0438f",
        "type": "github"
      },
      "original": {
        "owner": "nixos",
        "ref": "nixos-unstable",
        "repo": "nixpkgs",
        "type": "github"
      }
    },
    "nixpkgs_3": {
      "locked": {
        "lastModified": 1642707142,
        "narHash": "sha256-BzH6xhnkn52yF4+A8C8slWFQRMInS5VYlzrH/rN1bnA=",
        "owner": "nixos",
        "repo": "nixpkgs",
        "rev": "6f07605b6916abee5435ea1145a7541299a87c1b",
        "type": "github"
      },
      "original": {
        "owner": "nixos",
        "ref": "nixos-21.11",
        "repo": "nixpkgs",
        "type": "github"
      }
    },
    "root": {
      "inputs": {
        "home-manager": "home-manager",
        "neovim-nightly-overlay": "neovim-nightly-overlay",
        "nixgl": "nixgl",
        "nixpkgs": "nixpkgs_3",
        "nixpkgs-unstable": "nixpkgs-unstable"
      }
    }
  },
  "root": "root",
  "version": 7
}
